
Microsoft Visual Studio Solution File, Format Version 12.00
# Visual Studio 15
VisualStudioVersion = 15.0.28010.2003
MinimumVisualStudioVersion = 10.0.40219.1
Project("{FAE04EC0-301F-11D3-BF4B-00C04F79EFBC}") = "CompanyPortal", "CompanyPortal\CompanyPortal.csproj", "{D9BCD812-21F5-4F00-B1E3-4CF0987C3DC7}"
EndProject
Project("{FAE04EC0-301F-11D3-BF4B-00C04F79EFBC}") = "DatabaseLayer", "DatabaseLayer\DatabaseLayer.csproj", "{9B6DCD8F-EF1F-415A-892A-D5D1DDF52E46}"
EndProject
Project("{FAE04EC0-301F-11D3-BF4B-00C04F79EFBC}") = "RepositoryLayer", "RepositoryLayer\RepositoryLayer.csproj", "{7137DCDF-49EB-445B-ACC3-F4310B40746F}"
EndProject
Project("{FAE04EC0-301F-11D3-BF4B-00C04F79EFBC}") = "Models", "Models\Models.csproj", "{D2AB4903-B543-4FC3-BA91-DC7236318135}"
EndProject
Global
	GlobalSection(SolutionConfigurationPlatforms) = preSolution
		Debug|Any CPU = Debug|Any CPU
		Release|Any CPU = Release|Any CPU
	EndGlobalSection
	GlobalSection(ProjectConfigurationPlatforms) = postSolution
		{D9BCD812-21F5-4F00-B1E3-4CF0987C3DC7}.Debug|Any CPU.ActiveCfg = Debug|Any CPU
		{D9BCD812-21F5-4F00-B1E3-4CF0987C3DC7}.Debug|Any CPU.Build.0 = Debug|Any CPU
		{D9BCD812-21F5-4F00-B1E3-4CF0987C3DC7}.Release|Any CPU.ActiveCfg = Release|Any CPU
		{D9BCD812-21F5-4F00-B1E3-4CF0987C3DC7}.Release|Any CPU.Build.0 = Release|Any CPU
		{9B6DCD8F-EF1F-415A-892A-D5D1DDF52E46}.Debug|Any CPU.ActiveCfg = Debug|Any CPU
		{9B6DCD8F-EF1F-415A-892A-D5D1DDF52E46}.Debug|Any CPU.Build.0 = Debug|Any CPU
		{9B6DCD8F-EF1F-415A-892A-D5D1DDF52E46}.Release|Any CPU.ActiveCfg = Release|Any CPU
		{9B6DCD8F-EF1F-415A-892A-D5D1DDF52E46}.Release|Any CPU.Build.0 = Release|Any CPU
		{7137DCDF-49EB-445B-ACC3-F4310B40746F}.Debug|Any CPU.ActiveCfg = Debug|Any CPU
		{7137DCDF-49EB-445B-ACC3-F4310B40746F}.Debug|Any CPU.Build.0 = Debug|Any CPU
		{7137DCDF-49EB-445B-ACC3-F4310B40746F}.Release|Any CPU.ActiveCfg = Release|Any CPU
		{7137DCDF-49EB-445B-ACC3-F4310B40746F}.Release|Any CPU.Build.0 = Release|Any CPU
		{D2AB4903-B543-4FC3-BA91-DC7236318135}.Debug|Any CPU.ActiveCfg = Debug|Any CPU
		{D2AB4903-B543-4FC3-BA91-DC7236318135}.Debug|Any CPU.Build.0 = Debug|Any CPU
		{D2AB4903-B543-4FC3-BA91-DC7236318135}.Release|Any CPU.ActiveCfg = Release|Any CPU
		{D2AB4903-B543-4FC3-BA91-DC7236318135}.Release|Any CPU.Build.0 = Release|Any CPU
	EndGlobalSection
	GlobalSection(SolutionProperties) = preSolution
		HideSolutionNode = FALSE
	EndGlobalSection
	GlobalSection(ExtensibilityGlobals) = postSolution
		SolutionGuid = {C71623A9-C4F6-4332-B895-2199379E8757}
	EndGlobalSection
EndGlobal
